
Microsoft Visual Studio Solution File, Format Version 12.00
# Visual Studio 15
VisualStudioVersion = 15.0.28307.779
MinimumVisualStudioVersion = 10.0.40219.1
Project("{8BC9CEB8-8B4A-11D0-8D11-00A0C91BC942}") = "boost_library_examples", "boost_library_examples.vcxproj", "{82603466-7F9E-40B9-AF2B-8C9054935753}"
EndProject
Global
	GlobalSection(SolutionConfigurationPlatforms) = preSolution
		Debug|x64 = Debug|x64
		Debug|x86 = Debug|x86
		Release|x64 = Release|x64
		Release|x86 = Release|x86
	EndGlobalSection
	GlobalSection(ProjectConfigurationPlatforms) = postSolution
		{82603466-7F9E-40B9-AF2B-8C9054935753}.Debug|x64.ActiveCfg = Debug|x64
		{82603466-7F9E-40B9-AF2B-8C9054935753}.Debug|x64.Build.0 = Debug|x64
		{82603466-7F9E-40B9-AF2B-8C9054935753}.Debug|x86.ActiveCfg = Debug|Win32
		{82603466-7F9E-40B9-AF2B-8C9054935753}.Debug|x86.Build.0 = Debug|Win32
		{82603466-7F9E-40B9-AF2B-8C9054935753}.Release|x64.ActiveCfg = Release|x64
		{82603466-7F9E-40B9-AF2B-8C9054935753}.Release|x64.Build.0 = Release|x64
		{82603466-7F9E-40B9-AF2B-8C9054935753}.Release|x86.ActiveCfg = Release|Win32
		{82603466-7F9E-40B9-AF2B-8C9054935753}.Release|x86.Build.0 = Release|Win32
	EndGlobalSection
	GlobalSection(SolutionProperties) = preSolution
		HideSolutionNode = FALSE
	EndGlobalSection
	GlobalSection(ExtensibilityGlobals) = postSolution
		SolutionGuid = {790E4527-9823-49C6-9A57-269E2AADAB55}
	EndGlobalSection
EndGlobal
